
Microsoft Visual Studio Solution File, Format Version 12.00
# Visual Studio Version 16
VisualStudioVersion = 16.0.28822.285
MinimumVisualStudioVersion = 10.0.40219.1
Project("{FAE04EC0-301F-11D3-BF4B-00C04F79EFBC}") = "T2VeryBigSum", "T2VeryBigSum\T2VeryBigSum.csproj", "{ACD0256D-D148-49D4-8178-D4E0DE957A20}"
EndProject
Global
	GlobalSection(SolutionConfigurationPlatforms) = preSolution
		Debug|Any CPU = Debug|Any CPU
		Release|Any CPU = Release|Any CPU
	EndGlobalSection
	GlobalSection(ProjectConfigurationPlatforms) = postSolution
		{ACD0256D-D148-49D4-8178-D4E0DE957A20}.Debug|Any CPU.ActiveCfg = Debug|Any CPU
		{ACD0256D-D148-49D4-8178-D4E0DE957A20}.Debug|Any CPU.Build.0 = Debug|Any CPU
		{ACD0256D-D148-49D4-8178-D4E0DE957A20}.Release|Any CPU.ActiveCfg = Release|Any CPU
		{ACD0256D-D148-49D4-8178-D4E0DE957A20}.Release|Any CPU.Build.0 = Release|Any CPU
	EndGlobalSection
	GlobalSection(SolutionProperties) = preSolution
		HideSolutionNode = FALSE
	EndGlobalSection
	GlobalSection(ExtensibilityGlobals) = postSolution
		SolutionGuid = {143E5D76-3AC3-4C92-AB6B-3049BDC0EC06}
	EndGlobalSection
EndGlobal
